
Microsoft Visual Studio Solution File, Format Version 12.00
# Visual Studio Version 17
VisualStudioVersion = 17.11.35312.102
MinimumVisualStudioVersion = 10.0.40219.1
Project("{2150E333-8FDC-42A3-9474-1A3956D46DE8}") = "src", "src", "{BD04C9CF-161E-4DF0-8E32-44D7AD75A638}"
EndProject
Project("{2150E333-8FDC-42A3-9474-1A3956D46DE8}") = "BuildingBlocks", "BuildingBlocks", "{BEFECDC0-1D73-4262-A179-E7BC9BB1D5B0}"
EndProject
Project("{9A19103F-16F7-4668-BE54-9A1E7A4F7556}") = "AppointMate.BuildingBlocks", "src\BuildingBlocks\AppointMate.BuildingBlocks\AppointMate.BuildingBlocks.csproj", "{8D61744B-325C-4F83-AA9E-47433534A9F7}"
EndProject
Project("{2150E333-8FDC-42A3-9474-1A3956D46DE8}") = "docs", "docs", "{3B472D3B-CE67-43A2-81BA-863E52895BE5}"
EndProject
Project("{2150E333-8FDC-42A3-9474-1A3956D46DE8}") = "BuildingBlocks", "BuildingBlocks", "{B77C4BCF-C0D6-40C8-A570-AE3757026873}"
	ProjectSection(SolutionItems) = preProject
		src\BuildingBlocks\AppointMate.BuildingBlocks\docs\building-blocks.md = src\BuildingBlocks\AppointMate.BuildingBlocks\docs\building-blocks.md
	EndProjectSection
EndProject
Project("{2150E333-8FDC-42A3-9474-1A3956D46DE8}") = "CQRS", "CQRS", "{6DEB8F16-BE55-4C83-9A67-2DCDF51DA190}"
	ProjectSection(SolutionItems) = preProject
		src\BuildingBlocks\AppointMate.BuildingBlocks\docs\CQRS\cqrs.md = src\BuildingBlocks\AppointMate.BuildingBlocks\docs\CQRS\cqrs.md
	EndProjectSection
EndProject
Project("{2150E333-8FDC-42A3-9474-1A3956D46DE8}") = "images", "images", "{1500CD78-CDD1-4E27-B871-7A9F1EFC1B91}"
	ProjectSection(SolutionItems) = preProject
		docs\BuildingBlocks\CQRS\images\ICommandAbstraction-Dark.png = docs\BuildingBlocks\CQRS\images\ICommandAbstraction-Dark.png
		docs\BuildingBlocks\CQRS\images\ICommandAbstraction-Light.png = docs\BuildingBlocks\CQRS\images\ICommandAbstraction-Light.png
		docs\BuildingBlocks\CQRS\images\ICommandHandlerAbstraction-Dark.png = docs\BuildingBlocks\CQRS\images\ICommandHandlerAbstraction-Dark.png
		docs\BuildingBlocks\CQRS\images\ICommandHandlerAbstraction-Light.png = docs\BuildingBlocks\CQRS\images\ICommandHandlerAbstraction-Light.png
		docs\BuildingBlocks\CQRS\images\IQueryAbstraction-Dark.png = docs\BuildingBlocks\CQRS\images\IQueryAbstraction-Dark.png
		docs\BuildingBlocks\CQRS\images\IQueryAbstraction-Light.png = docs\BuildingBlocks\CQRS\images\IQueryAbstraction-Light.png
		docs\BuildingBlocks\CQRS\images\IQueryHandlerAbstraction-Dark.png = docs\BuildingBlocks\CQRS\images\IQueryHandlerAbstraction-Dark.png
		docs\BuildingBlocks\CQRS\images\IQueryHandlerAbstraction-Light.png = docs\BuildingBlocks\CQRS\images\IQueryHandlerAbstraction-Light.png
	EndProjectSection
EndProject
Global
	GlobalSection(SolutionConfigurationPlatforms) = preSolution
		Debug|Any CPU = Debug|Any CPU
		Release|Any CPU = Release|Any CPU
	EndGlobalSection
	GlobalSection(ProjectConfigurationPlatforms) = postSolution
		{8D61744B-325C-4F83-AA9E-47433534A9F7}.Debug|Any CPU.ActiveCfg = Debug|Any CPU
		{8D61744B-325C-4F83-AA9E-47433534A9F7}.Debug|Any CPU.Build.0 = Debug|Any CPU
		{8D61744B-325C-4F83-AA9E-47433534A9F7}.Release|Any CPU.ActiveCfg = Release|Any CPU
		{8D61744B-325C-4F83-AA9E-47433534A9F7}.Release|Any CPU.Build.0 = Release|Any CPU
	EndGlobalSection
	GlobalSection(SolutionProperties) = preSolution
		HideSolutionNode = FALSE
	EndGlobalSection
	GlobalSection(NestedProjects) = preSolution
		{BEFECDC0-1D73-4262-A179-E7BC9BB1D5B0} = {BD04C9CF-161E-4DF0-8E32-44D7AD75A638}
		{8D61744B-325C-4F83-AA9E-47433534A9F7} = {BEFECDC0-1D73-4262-A179-E7BC9BB1D5B0}
		{B77C4BCF-C0D6-40C8-A570-AE3757026873} = {3B472D3B-CE67-43A2-81BA-863E52895BE5}
		{6DEB8F16-BE55-4C83-9A67-2DCDF51DA190} = {B77C4BCF-C0D6-40C8-A570-AE3757026873}
		{1500CD78-CDD1-4E27-B871-7A9F1EFC1B91} = {6DEB8F16-BE55-4C83-9A67-2DCDF51DA190}
	EndGlobalSection
	GlobalSection(ExtensibilityGlobals) = postSolution
		SolutionGuid = {A5F0E988-CDC5-4CEB-9C76-F4A327D03488}
	EndGlobalSection
EndGlobal
